
Microsoft Visual Studio Solution File, Format Version 12.00
# Visual Studio Version 17
VisualStudioVersion = 17.11.35327.3
MinimumVisualStudioVersion = 10.0.40219.1
Project("{FAE04EC0-301F-11D3-BF4B-00C04F79EFBC}") = "RollStorage", "RollStorage.csproj", "{4CAD7BC4-F8E4-4B58-9213-01F61C908299}"
EndProject
Global
	GlobalSection(SolutionConfigurationPlatforms) = preSolution
		Debug|Any CPU = Debug|Any CPU
		Release|Any CPU = Release|Any CPU
	EndGlobalSection
	GlobalSection(ProjectConfigurationPlatforms) = postSolution
		{4CAD7BC4-F8E4-4B58-9213-01F61C908299}.Debug|Any CPU.ActiveCfg = Debug|Any CPU
		{4CAD7BC4-F8E4-4B58-9213-01F61C908299}.Debug|Any CPU.Build.0 = Debug|Any CPU
		{4CAD7BC4-F8E4-4B58-9213-01F61C908299}.Release|Any CPU.ActiveCfg = Release|Any CPU
		{4CAD7BC4-F8E4-4B58-9213-01F61C908299}.Release|Any CPU.Build.0 = Release|Any CPU
	EndGlobalSection
	GlobalSection(SolutionProperties) = preSolution
		HideSolutionNode = FALSE
	EndGlobalSection
	GlobalSection(ExtensibilityGlobals) = postSolution
		SolutionGuid = {A6FD3563-D17A-4F62-A10A-4315850F7939}
	EndGlobalSection
EndGlobal
